{
  "name": "poulet-de-feu-v2",
  "version": "1.0.0",
  "lockfileVersion": 3,
  "requires": true,
  "packages": {
    "": {
      "name": "poulet-de-feu-v2",
      "version": "1.0.0",
      "license": "ISC",
      "dependencies": {
        "ani-cursor": "^0.0.5"
      }
    },
    "node_modules/ani-cursor": {
      "version": "0.0.5",
      "resolved": "https://registry.npmjs.org/ani-cursor/-/ani-cursor-0.0.5.tgz",
      "integrity": "sha512-gGxst72lG9TOwEfbVpX9vHhzUGw+4Ee2XB6AfYq5JP+bxBtpAjgnTBepCVxYF5t1TPrWHN23nWqLTflJOA3/ag==",
      "dependencies": {
        "byte-data": "18.1.1",
        "riff-file": "^1.0.3"
      }
    },
    "node_modules/byte-data": {
      "version": "18.1.1",
      "resolved": "https://registry.npmjs.org/byte-data/-/byte-data-18.1.1.tgz",
      "integrity": "sha512-Kv/B0r7adgnCcrs/y703sac2XFLdHW5kPfis1j8+Ij/hmEcWhBKf+1pNTv+vsNqXb207Uiyri8bpnogNxR/4Lg==",
      "dependencies": {
        "endianness": "^8.0.2",
        "ieee754-buffer": "^2.0.0",
        "utf8-buffer": "^1.0.0"
      },
      "engines": {
        "node": ">=8"
      }
    },
    "node_modules/endianness": {
      "version": "8.0.2",
      "resolved": "https://registry.npmjs.org/endianness/-/endianness-8.0.2.tgz",
      "integrity": "sha512-IU+77+jJ7lpw2qZ3NUuqBZFy3GuioNgXUdsL1L9tooDNTaw0TgOnwNuc+8Ns+haDaTifK97QLzmOANJtI/rGvw==",
      "engines": {
        "node": ">=8"
      }
    },
    "node_modules/ieee754-buffer": {
      "version": "2.0.0",
      "resolved": "https://registry.npmjs.org/ieee754-buffer/-/ieee754-buffer-2.0.0.tgz",
      "integrity": "sha512-AXUAT0nMEi7h1Is8HXGXof3eejl/GabZFKSj8Ym6kVRUSwrAb52EkAXywiCQYSHGQMRn7lvfY7vhPMjVc+Kybg==",
      "engines": {
        "node": ">=8"
      }
    },
    "node_modules/riff-file": {
      "version": "1.0.3",
      "resolved": "https://registry.npmjs.org/riff-file/-/riff-file-1.0.3.tgz",
      "integrity": "sha512-Vv8wwGr0BCks7VMI3Lv0houZee4DaHFjjTT0LMhMJKio2YmLncLeIVpK63ydSverngNk8XQPU3fbeP3bWgSIig==",
      "dependencies": {
        "byte-data": "^18.0.3"
      },
      "engines": {
        "node": ">=8"
      }
    },
    "node_modules/utf8-buffer": {
      "version": "1.0.0",
      "resolved": "https://registry.npmjs.org/utf8-buffer/-/utf8-buffer-1.0.0.tgz",
      "integrity": "sha512-ueuhzvWnp5JU5CiGSY4WdKbiN/PO2AZ/lpeLiz2l38qwdLy/cW40XobgyuIWucNyum0B33bVB0owjFCeGBSLqg==",
      "engines": {
        "node": ">=8"
      }
    }
  }
}
